
Microsoft Visual Studio Solution File, Format Version 12.00
# Visual Studio Version 16
VisualStudioVersion = 16.0.32630.194
MinimumVisualStudioVersion = 10.0.40219.1
Project("{FAE04EC0-301F-11D3-BF4B-00C04F79EFBC}") = "RabbitMQDemoAPI.Publisher", "RabbitMQDemoAPI.Publisher\RabbitMQDemoAPI.Publisher.csproj", "{98447E0E-EEB5-4A02-A89A-9F97C2D3CA8B}"
EndProject
Project("{FAE04EC0-301F-11D3-BF4B-00C04F79EFBC}") = "RabbitMQDemoAPI.Consumer", "RabbitMQDemoAPI.Consumer\RabbitMQDemoAPI.Consumer.csproj", "{0D3D66FA-05A4-444A-B00A-8828296DF58E}"
EndProject
Project("{FAE04EC0-301F-11D3-BF4B-00C04F79EFBC}") = "RabbitMQDemoAPI.Base", "RabbitMQDemoAPI.Base\RabbitMQDemoAPI.Base.csproj", "{51B6B503-C895-4DB1-8B70-A70277607A47}"
EndProject
Global
	GlobalSection(SolutionConfigurationPlatforms) = preSolution
		Debug|Any CPU = Debug|Any CPU
		Release|Any CPU = Release|Any CPU
	EndGlobalSection
	GlobalSection(ProjectConfigurationPlatforms) = postSolution
		{98447E0E-EEB5-4A02-A89A-9F97C2D3CA8B}.Debug|Any CPU.ActiveCfg = Debug|Any CPU
		{98447E0E-EEB5-4A02-A89A-9F97C2D3CA8B}.Debug|Any CPU.Build.0 = Debug|Any CPU
		{98447E0E-EEB5-4A02-A89A-9F97C2D3CA8B}.Release|Any CPU.ActiveCfg = Release|Any CPU
		{98447E0E-EEB5-4A02-A89A-9F97C2D3CA8B}.Release|Any CPU.Build.0 = Release|Any CPU
		{0D3D66FA-05A4-444A-B00A-8828296DF58E}.Debug|Any CPU.ActiveCfg = Debug|Any CPU
		{0D3D66FA-05A4-444A-B00A-8828296DF58E}.Debug|Any CPU.Build.0 = Debug|Any CPU
		{0D3D66FA-05A4-444A-B00A-8828296DF58E}.Release|Any CPU.ActiveCfg = Release|Any CPU
		{0D3D66FA-05A4-444A-B00A-8828296DF58E}.Release|Any CPU.Build.0 = Release|Any CPU
		{51B6B503-C895-4DB1-8B70-A70277607A47}.Debug|Any CPU.ActiveCfg = Debug|Any CPU
		{51B6B503-C895-4DB1-8B70-A70277607A47}.Debug|Any CPU.Build.0 = Debug|Any CPU
		{51B6B503-C895-4DB1-8B70-A70277607A47}.Release|Any CPU.ActiveCfg = Release|Any CPU
		{51B6B503-C895-4DB1-8B70-A70277607A47}.Release|Any CPU.Build.0 = Release|Any CPU
	EndGlobalSection
	GlobalSection(SolutionProperties) = preSolution
		HideSolutionNode = FALSE
	EndGlobalSection
	GlobalSection(ExtensibilityGlobals) = postSolution
		SolutionGuid = {F6178AC9-5EDD-4F13-BA63-53341C594432}
	EndGlobalSection
EndGlobal
